{
  "originHash" : "c2c3e97b3317da756ff2e892e6db3581752da5fa2b9346105830bd399f2dead8",
  "pins" : [
    {
      "identity" : "sqlitevec",
      "kind" : "remoteSourceControl",
      "location" : "https://github.com/jkrukowski/SQLiteVec",
      "state" : {
        "revision" : "eaa734a8c7615e2ef791c218280292f27d33db39",
        "version" : "0.0.13"
      }
    },
    {
      "identity" : "swift-argument-parser",
      "kind" : "remoteSourceControl",
      "location" : "https://github.com/apple/swift-argument-parser",
      "state" : {
        "revision" : "309a47b2b1d9b5e991f36961c983ecec72275be3",
        "version" : "1.6.1"
      }
    }
  ],
  "version" : 3
}
